
Microsoft Visual Studio Solution File, Format Version 12.00
# Visual Studio 15
VisualStudioVersion = 15.0.28010.2019
MinimumVisualStudioVersion = 10.0.40219.1
Project("{2150E333-8FDC-42A3-9474-1A3956D46DE8}") = "DAL", "DAL", "{599F9F29-43B5-49DC-B609-9A98EFA0B7F8}"
EndProject
Project("{2150E333-8FDC-42A3-9474-1A3956D46DE8}") = "PL", "PL", "{1AED0CFE-12F0-4759-B6E0-A959A3BA9AA7}"
EndProject
Project("{2150E333-8FDC-42A3-9474-1A3956D46DE8}") = "BL", "BL", "{288F7D72-B20D-4474-B5E8-2AD0BB61B85E}"
EndProject
Project("{FAE04EC0-301F-11D3-BF4B-00C04F79EFBC}") = "WinForms", "WinForms\WinForms.csproj", "{6808D8A4-AFEC-4EC8-A910-B03EBF95AB2B}"
EndProject
Project("{FAE04EC0-301F-11D3-BF4B-00C04F79EFBC}") = "Shared", "Shared\Shared.csproj", "{09624D66-4BA2-4E2E-ACD5-01F27B330FBB}"
EndProject
Project("{FAE04EC0-301F-11D3-BF4B-00C04F79EFBC}") = "Department.DAL", "Department.DAL\Department.DAL.csproj", "{BD0D565D-D898-4956-AA2F-0F9235064CB4}"
EndProject
Project("{FAE04EC0-301F-11D3-BF4B-00C04F79EFBC}") = "Department.BL", "Department.BL\Department.BL.csproj", "{F4232D28-F7F3-4445-9347-C41FC41C1473}"
EndProject
Project("{FAE04EC0-301F-11D3-BF4B-00C04F79EFBC}") = "Panenkov_Ilia_Task16", "..\Panenkov_Ilia_Task16\Panenkov_Ilia_Task16\Panenkov_Ilia_Task16.csproj", "{B0D6452B-B0A5-4ECE-B95D-8C1EB7596615}"
EndProject
Global
	GlobalSection(SolutionConfigurationPlatforms) = preSolution
		Debug|Any CPU = Debug|Any CPU
		Release|Any CPU = Release|Any CPU
	EndGlobalSection
	GlobalSection(ProjectConfigurationPlatforms) = postSolution
		{6808D8A4-AFEC-4EC8-A910-B03EBF95AB2B}.Debug|Any CPU.ActiveCfg = Debug|Any CPU
		{6808D8A4-AFEC-4EC8-A910-B03EBF95AB2B}.Debug|Any CPU.Build.0 = Debug|Any CPU
		{6808D8A4-AFEC-4EC8-A910-B03EBF95AB2B}.Release|Any CPU.ActiveCfg = Release|Any CPU
		{6808D8A4-AFEC-4EC8-A910-B03EBF95AB2B}.Release|Any CPU.Build.0 = Release|Any CPU
		{09624D66-4BA2-4E2E-ACD5-01F27B330FBB}.Debug|Any CPU.ActiveCfg = Debug|Any CPU
		{09624D66-4BA2-4E2E-ACD5-01F27B330FBB}.Debug|Any CPU.Build.0 = Debug|Any CPU
		{09624D66-4BA2-4E2E-ACD5-01F27B330FBB}.Release|Any CPU.ActiveCfg = Release|Any CPU
		{09624D66-4BA2-4E2E-ACD5-01F27B330FBB}.Release|Any CPU.Build.0 = Release|Any CPU
		{BD0D565D-D898-4956-AA2F-0F9235064CB4}.Debug|Any CPU.ActiveCfg = Debug|Any CPU
		{BD0D565D-D898-4956-AA2F-0F9235064CB4}.Debug|Any CPU.Build.0 = Debug|Any CPU
		{BD0D565D-D898-4956-AA2F-0F9235064CB4}.Release|Any CPU.ActiveCfg = Release|Any CPU
		{BD0D565D-D898-4956-AA2F-0F9235064CB4}.Release|Any CPU.Build.0 = Release|Any CPU
		{F4232D28-F7F3-4445-9347-C41FC41C1473}.Debug|Any CPU.ActiveCfg = Debug|Any CPU
		{F4232D28-F7F3-4445-9347-C41FC41C1473}.Debug|Any CPU.Build.0 = Debug|Any CPU
		{F4232D28-F7F3-4445-9347-C41FC41C1473}.Release|Any CPU.ActiveCfg = Release|Any CPU
		{F4232D28-F7F3-4445-9347-C41FC41C1473}.Release|Any CPU.Build.0 = Release|Any CPU
		{B0D6452B-B0A5-4ECE-B95D-8C1EB7596615}.Debug|Any CPU.ActiveCfg = Debug|Any CPU
		{B0D6452B-B0A5-4ECE-B95D-8C1EB7596615}.Debug|Any CPU.Build.0 = Debug|Any CPU
		{B0D6452B-B0A5-4ECE-B95D-8C1EB7596615}.Release|Any CPU.ActiveCfg = Release|Any CPU
		{B0D6452B-B0A5-4ECE-B95D-8C1EB7596615}.Release|Any CPU.Build.0 = Release|Any CPU
	EndGlobalSection
	GlobalSection(SolutionProperties) = preSolution
		HideSolutionNode = FALSE
	EndGlobalSection
	GlobalSection(NestedProjects) = preSolution
		{6808D8A4-AFEC-4EC8-A910-B03EBF95AB2B} = {1AED0CFE-12F0-4759-B6E0-A959A3BA9AA7}
		{BD0D565D-D898-4956-AA2F-0F9235064CB4} = {599F9F29-43B5-49DC-B609-9A98EFA0B7F8}
		{F4232D28-F7F3-4445-9347-C41FC41C1473} = {288F7D72-B20D-4474-B5E8-2AD0BB61B85E}
		{B0D6452B-B0A5-4ECE-B95D-8C1EB7596615} = {1AED0CFE-12F0-4759-B6E0-A959A3BA9AA7}
	EndGlobalSection
	GlobalSection(ExtensibilityGlobals) = postSolution
		SolutionGuid = {218917AF-8803-4157-AA7E-171E5DA9340C}
	EndGlobalSection
EndGlobal
